
Microsoft Visual Studio Solution File, Format Version 12.00
# Visual Studio 14
VisualStudioVersion = 14.0.25420.1
MinimumVisualStudioVersion = 10.0.40219.1
Project("{2150E333-8FDC-42A3-9474-1A3956D46DE8}") = "Solution Items", "Solution Items", "{FF85BDE3-45A9-44DB-951B-960ADAA73ED7}"
	ProjectSection(SolutionItems) = preProject
		global.json = global.json
	EndProjectSection
EndProject
Project("{FAE04EC0-301F-11D3-BF4B-00C04F79EFBC}") = "Alexa.Net", "src\Alexa.Net\Alexa.Net.csproj", "{E3089A27-CA66-438C-8652-044CA68F6F6B}"
EndProject
Global
	GlobalSection(SolutionConfigurationPlatforms) = preSolution
		Debug|Any CPU = Debug|Any CPU
		Release|Any CPU = Release|Any CPU
	EndGlobalSection
	GlobalSection(ProjectConfigurationPlatforms) = postSolution
		{E3089A27-CA66-438C-8652-044CA68F6F6B}.Debug|Any CPU.ActiveCfg = Debug|Any CPU
		{E3089A27-CA66-438C-8652-044CA68F6F6B}.Debug|Any CPU.Build.0 = Debug|Any CPU
		{E3089A27-CA66-438C-8652-044CA68F6F6B}.Release|Any CPU.ActiveCfg = Release|Any CPU
		{E3089A27-CA66-438C-8652-044CA68F6F6B}.Release|Any CPU.Build.0 = Release|Any CPU
	EndGlobalSection
	GlobalSection(SolutionProperties) = preSolution
		HideSolutionNode = FALSE
	EndGlobalSection
EndGlobal
