
Microsoft Visual Studio Solution File, Format Version 12.00
# Visual Studio Version 17
VisualStudioVersion = 17.0.31631.564
MinimumVisualStudioVersion = 10.0.40219.1
Project("{2150E333-8FDC-42A3-9474-1A3956D46DE8}") = "Solution Items", "Solution Items", "{FF85BDE3-45A9-44DB-951B-960ADAA73ED7}"
	ProjectSection(SolutionItems) = preProject
		.github\workflows\build.yml = .github\workflows\build.yml
		.github\workflows\prbuild.yaml = .github\workflows\prbuild.yaml
		testEnvironments.json = testEnvironments.json
		README.md = README.md
	EndProjectSection
EndProject
Project("{9A19103F-16F7-4668-BE54-9A1E7A4F7556}") = "Alexa.NET", "Alexa.NET\Alexa.NET.csproj", "{C5D40122-BB51-40D8-8934-0468BCC6C92B}"
EndProject
Project("{9A19103F-16F7-4668-BE54-9A1E7A4F7556}") = "Alexa.NET.Tests", "Alexa.NET.Tests\Alexa.NET.Tests.csproj", "{42512CDE-5E06-4D24-9467-075B0287613D}"
EndProject
Global
	GlobalSection(SolutionConfigurationPlatforms) = preSolution
		Debug|Any CPU = Debug|Any CPU
		Release|Any CPU = Release|Any CPU
	EndGlobalSection
	GlobalSection(ProjectConfigurationPlatforms) = postSolution
		{C5D40122-BB51-40D8-8934-0468BCC6C92B}.Debug|Any CPU.ActiveCfg = Debug|Any CPU
		{C5D40122-BB51-40D8-8934-0468BCC6C92B}.Debug|Any CPU.Build.0 = Debug|Any CPU
		{C5D40122-BB51-40D8-8934-0468BCC6C92B}.Release|Any CPU.ActiveCfg = Release|Any CPU
		{C5D40122-BB51-40D8-8934-0468BCC6C92B}.Release|Any CPU.Build.0 = Release|Any CPU
		{42512CDE-5E06-4D24-9467-075B0287613D}.Debug|Any CPU.ActiveCfg = Debug|Any CPU
		{42512CDE-5E06-4D24-9467-075B0287613D}.Debug|Any CPU.Build.0 = Debug|Any CPU
		{42512CDE-5E06-4D24-9467-075B0287613D}.Release|Any CPU.ActiveCfg = Release|Any CPU
		{42512CDE-5E06-4D24-9467-075B0287613D}.Release|Any CPU.Build.0 = Release|Any CPU
	EndGlobalSection
	GlobalSection(SolutionProperties) = preSolution
		HideSolutionNode = FALSE
	EndGlobalSection
	GlobalSection(ExtensibilityGlobals) = postSolution
		SolutionGuid = {7DE2EBF3-D9EE-429E-9A7C-53C10298DB13}
	EndGlobalSection
EndGlobal
